
Microsoft Visual Studio Solution File, Format Version 12.00
# Visual Studio 15
VisualStudioVersion = 15.0.26730.16
MinimumVisualStudioVersion = 10.0.40219.1
Project("{9A19103F-16F7-4668-BE54-9A1E7A4F7556}") = "RulesEngine", "RulesEngine\RulesEngine.csproj", "{A89E8620-70C6-4A88-AF9F-2C0DB2D454B0}"
EndProject
Project("{9A19103F-16F7-4668-BE54-9A1E7A4F7556}") = "web.api", "web.api\web.api.csproj", "{A14C6B01-D7FE-46D2-B174-924106837106}"
EndProject
Global
	GlobalSection(SolutionConfigurationPlatforms) = preSolution
		Debug|Any CPU = Debug|Any CPU
		Release|Any CPU = Release|Any CPU
	EndGlobalSection
	GlobalSection(ProjectConfigurationPlatforms) = postSolution
		{A89E8620-70C6-4A88-AF9F-2C0DB2D454B0}.Debug|Any CPU.ActiveCfg = Debug|Any CPU
		{A89E8620-70C6-4A88-AF9F-2C0DB2D454B0}.Debug|Any CPU.Build.0 = Debug|Any CPU
		{A89E8620-70C6-4A88-AF9F-2C0DB2D454B0}.Release|Any CPU.ActiveCfg = Release|Any CPU
		{A89E8620-70C6-4A88-AF9F-2C0DB2D454B0}.Release|Any CPU.Build.0 = Release|Any CPU
		{A14C6B01-D7FE-46D2-B174-924106837106}.Debug|Any CPU.ActiveCfg = Debug|Any CPU
		{A14C6B01-D7FE-46D2-B174-924106837106}.Debug|Any CPU.Build.0 = Debug|Any CPU
		{A14C6B01-D7FE-46D2-B174-924106837106}.Release|Any CPU.ActiveCfg = Release|Any CPU
		{A14C6B01-D7FE-46D2-B174-924106837106}.Release|Any CPU.Build.0 = Release|Any CPU
	EndGlobalSection
	GlobalSection(SolutionProperties) = preSolution
		HideSolutionNode = FALSE
	EndGlobalSection
	GlobalSection(ExtensibilityGlobals) = postSolution
		SolutionGuid = {3DECE278-CE0B-4461-8F70-E8272FBF5D93}
	EndGlobalSection
EndGlobal
